
Microsoft Visual Studio Solution File, Format Version 12.00
# Visual Studio 14
VisualStudioVersion = 14.0.23107.0
MinimumVisualStudioVersion = 10.0.40219.1
Project("{FAE04EC0-301F-11D3-BF4B-00C04F79EFBC}") = "TfsHistory", "TfsHistory\TfsHistory.csproj", "{1B13B296-B7B6-4EEF-BAD9-3AFD71008277}"
EndProject
Global
	GlobalSection(SolutionConfigurationPlatforms) = preSolution
		Debug|Any CPU = Debug|Any CPU
		MPS Current|Any CPU = MPS Current|Any CPU
		MPS Next|Any CPU = MPS Next|Any CPU
		MPS Ref|Any CPU = MPS Ref|Any CPU
		Release|Any CPU = Release|Any CPU
	EndGlobalSection
	GlobalSection(ProjectConfigurationPlatforms) = postSolution
		{1B13B296-B7B6-4EEF-BAD9-3AFD71008277}.Debug|Any CPU.ActiveCfg = Debug|Any CPU
		{1B13B296-B7B6-4EEF-BAD9-3AFD71008277}.Debug|Any CPU.Build.0 = Debug|Any CPU
		{1B13B296-B7B6-4EEF-BAD9-3AFD71008277}.MPS Current|Any CPU.ActiveCfg = Release|Any CPU
		{1B13B296-B7B6-4EEF-BAD9-3AFD71008277}.MPS Current|Any CPU.Build.0 = Release|Any CPU
		{1B13B296-B7B6-4EEF-BAD9-3AFD71008277}.MPS Next|Any CPU.ActiveCfg = Release|Any CPU
		{1B13B296-B7B6-4EEF-BAD9-3AFD71008277}.MPS Next|Any CPU.Build.0 = Release|Any CPU
		{1B13B296-B7B6-4EEF-BAD9-3AFD71008277}.MPS Ref|Any CPU.ActiveCfg = Release|Any CPU
		{1B13B296-B7B6-4EEF-BAD9-3AFD71008277}.MPS Ref|Any CPU.Build.0 = Release|Any CPU
		{1B13B296-B7B6-4EEF-BAD9-3AFD71008277}.Release|Any CPU.ActiveCfg = Release|Any CPU
		{1B13B296-B7B6-4EEF-BAD9-3AFD71008277}.Release|Any CPU.Build.0 = Release|Any CPU
	EndGlobalSection
	GlobalSection(SolutionProperties) = preSolution
		HideSolutionNode = FALSE
	EndGlobalSection
EndGlobal
